
Microsoft Visual Studio Solution File, Format Version 12.00
# Visual Studio Version 17
VisualStudioVersion = 17.6.33815.320
MinimumVisualStudioVersion = 10.0.40219.1
Project("{FAE04EC0-301F-11D3-BF4B-00C04F79EFBC}") = "libr", "libr\libr.csproj", "{3DFF7253-E380-4F63-B768-DFBFFFDB38E0}"
EndProject
Project("{FAE04EC0-301F-11D3-BF4B-00C04F79EFBC}") = "FiguresLib", "FiguresLib\FiguresLib.csproj", "{6BFC2AE0-C89A-4184-9D88-E3F856754075}"
EndProject
Project("{FAE04EC0-301F-11D3-BF4B-00C04F79EFBC}") = "libr.Tests", "libr.Tests\libr.Tests.csproj", "{D0662563-8768-4A27-8F0B-23CC44788591}"
EndProject
Global
	GlobalSection(SolutionConfigurationPlatforms) = preSolution
		Debug|Any CPU = Debug|Any CPU
		Release|Any CPU = Release|Any CPU
	EndGlobalSection
	GlobalSection(ProjectConfigurationPlatforms) = postSolution
		{3DFF7253-E380-4F63-B768-DFBFFFDB38E0}.Debug|Any CPU.ActiveCfg = Debug|Any CPU
		{3DFF7253-E380-4F63-B768-DFBFFFDB38E0}.Debug|Any CPU.Build.0 = Debug|Any CPU
		{3DFF7253-E380-4F63-B768-DFBFFFDB38E0}.Release|Any CPU.ActiveCfg = Release|Any CPU
		{3DFF7253-E380-4F63-B768-DFBFFFDB38E0}.Release|Any CPU.Build.0 = Release|Any CPU
		{6BFC2AE0-C89A-4184-9D88-E3F856754075}.Debug|Any CPU.ActiveCfg = Debug|Any CPU
		{6BFC2AE0-C89A-4184-9D88-E3F856754075}.Debug|Any CPU.Build.0 = Debug|Any CPU
		{6BFC2AE0-C89A-4184-9D88-E3F856754075}.Release|Any CPU.ActiveCfg = Release|Any CPU
		{6BFC2AE0-C89A-4184-9D88-E3F856754075}.Release|Any CPU.Build.0 = Release|Any CPU
		{D0662563-8768-4A27-8F0B-23CC44788591}.Debug|Any CPU.ActiveCfg = Debug|Any CPU
		{D0662563-8768-4A27-8F0B-23CC44788591}.Debug|Any CPU.Build.0 = Debug|Any CPU
		{D0662563-8768-4A27-8F0B-23CC44788591}.Release|Any CPU.ActiveCfg = Release|Any CPU
		{D0662563-8768-4A27-8F0B-23CC44788591}.Release|Any CPU.Build.0 = Release|Any CPU
	EndGlobalSection
	GlobalSection(SolutionProperties) = preSolution
		HideSolutionNode = FALSE
	EndGlobalSection
	GlobalSection(ExtensibilityGlobals) = postSolution
		SolutionGuid = {A60631BE-AF85-4F3F-82EC-DFA27CE1057A}
	EndGlobalSection
EndGlobal
